
Microsoft Visual Studio Solution File, Format Version 12.00
# Visual Studio Version 17
VisualStudioVersion = 17.11.35327.3
MinimumVisualStudioVersion = 10.0.40219.1
Project("{8BC9CEB8-8B4A-11D0-8D11-00A0C91BC942}") = "Fuego", "Fuego.vcxproj", "{F9149EA1-CCD3-41E7-A09F-0A6F4D8FDCE8}"
EndProject
Global
	GlobalSection(SolutionConfigurationPlatforms) = preSolution
		Debug|x64 = Debug|x64
		Debug|x86 = Debug|x86
		Release|x64 = Release|x64
		Release|x86 = Release|x86
	EndGlobalSection
	GlobalSection(ProjectConfigurationPlatforms) = postSolution
		{F9149EA1-CCD3-41E7-A09F-0A6F4D8FDCE8}.Debug|x64.ActiveCfg = Debug|x64
		{F9149EA1-CCD3-41E7-A09F-0A6F4D8FDCE8}.Debug|x64.Build.0 = Debug|x64
		{F9149EA1-CCD3-41E7-A09F-0A6F4D8FDCE8}.Debug|x86.ActiveCfg = Debug|Win32
		{F9149EA1-CCD3-41E7-A09F-0A6F4D8FDCE8}.Debug|x86.Build.0 = Debug|Win32
		{F9149EA1-CCD3-41E7-A09F-0A6F4D8FDCE8}.Release|x64.ActiveCfg = Release|x64
		{F9149EA1-CCD3-41E7-A09F-0A6F4D8FDCE8}.Release|x64.Build.0 = Release|x64
		{F9149EA1-CCD3-41E7-A09F-0A6F4D8FDCE8}.Release|x86.ActiveCfg = Release|Win32
		{F9149EA1-CCD3-41E7-A09F-0A6F4D8FDCE8}.Release|x86.Build.0 = Release|Win32
	EndGlobalSection
	GlobalSection(SolutionProperties) = preSolution
		HideSolutionNode = FALSE
	EndGlobalSection
	GlobalSection(ExtensibilityGlobals) = postSolution
		SolutionGuid = {2BF9D460-1E13-4B98-84EE-1E5D371FF8A9}
	EndGlobalSection
EndGlobal
